
Microsoft Visual Studio Solution File, Format Version 12.00
# Visual Studio 15
VisualStudioVersion = 15.0.27130.0
MinimumVisualStudioVersion = 15.0.26124.0
Project("{9A19103F-16F7-4668-BE54-9A1E7A4F7556}") = "Mono.TextTemplating", "Mono.TextTemplating\Mono.TextTemplating.csproj", "{3D3B31FC-4A0E-4632-A1E6-6623985F7953}"
EndProject
Project("{9A19103F-16F7-4668-BE54-9A1E7A4F7556}") = "Mono.TextTemplating.Tests", "Mono.TextTemplating.Tests\Mono.TextTemplating.Tests.csproj", "{B5BCE3C3-40AA-4DBA-80A3-22068B03DA69}"
EndProject
Project("{9A19103F-16F7-4668-BE54-9A1E7A4F7556}") = "TextTransform", "TextTransform\TextTransform.csproj", "{76F66FA6-639C-4689-9946-89A3E0DF76C5}"
EndProject
Global
	GlobalSection(SolutionConfigurationPlatforms) = preSolution
		Debug|Any CPU = Debug|Any CPU
		Debug|x64 = Debug|x64
		Debug|x86 = Debug|x86
		Release|Any CPU = Release|Any CPU
		Release|x64 = Release|x64
		Release|x86 = Release|x86
	EndGlobalSection
	GlobalSection(ProjectConfigurationPlatforms) = postSolution
		{3D3B31FC-4A0E-4632-A1E6-6623985F7953}.Debug|Any CPU.ActiveCfg = Debug|Any CPU
		{3D3B31FC-4A0E-4632-A1E6-6623985F7953}.Debug|Any CPU.Build.0 = Debug|Any CPU
		{3D3B31FC-4A0E-4632-A1E6-6623985F7953}.Debug|x64.ActiveCfg = Debug|Any CPU
		{3D3B31FC-4A0E-4632-A1E6-6623985F7953}.Debug|x64.Build.0 = Debug|Any CPU
		{3D3B31FC-4A0E-4632-A1E6-6623985F7953}.Debug|x86.ActiveCfg = Debug|Any CPU
		{3D3B31FC-4A0E-4632-A1E6-6623985F7953}.Debug|x86.Build.0 = Debug|Any CPU
		{3D3B31FC-4A0E-4632-A1E6-6623985F7953}.Release|Any CPU.ActiveCfg = Release|Any CPU
		{3D3B31FC-4A0E-4632-A1E6-6623985F7953}.Release|Any CPU.Build.0 = Release|Any CPU
		{3D3B31FC-4A0E-4632-A1E6-6623985F7953}.Release|x64.ActiveCfg = Release|Any CPU
		{3D3B31FC-4A0E-4632-A1E6-6623985F7953}.Release|x64.Build.0 = Release|Any CPU
		{3D3B31FC-4A0E-4632-A1E6-6623985F7953}.Release|x86.ActiveCfg = Release|Any CPU
		{3D3B31FC-4A0E-4632-A1E6-6623985F7953}.Release|x86.Build.0 = Release|Any CPU
		{B5BCE3C3-40AA-4DBA-80A3-22068B03DA69}.Debug|Any CPU.ActiveCfg = Debug|Any CPU
		{B5BCE3C3-40AA-4DBA-80A3-22068B03DA69}.Debug|Any CPU.Build.0 = Debug|Any CPU
		{B5BCE3C3-40AA-4DBA-80A3-22068B03DA69}.Debug|x64.ActiveCfg = Debug|Any CPU
		{B5BCE3C3-40AA-4DBA-80A3-22068B03DA69}.Debug|x64.Build.0 = Debug|Any CPU
		{B5BCE3C3-40AA-4DBA-80A3-22068B03DA69}.Debug|x86.ActiveCfg = Debug|Any CPU
		{B5BCE3C3-40AA-4DBA-80A3-22068B03DA69}.Debug|x86.Build.0 = Debug|Any CPU
		{B5BCE3C3-40AA-4DBA-80A3-22068B03DA69}.Release|Any CPU.ActiveCfg = Release|Any CPU
		{B5BCE3C3-40AA-4DBA-80A3-22068B03DA69}.Release|Any CPU.Build.0 = Release|Any CPU
		{B5BCE3C3-40AA-4DBA-80A3-22068B03DA69}.Release|x64.ActiveCfg = Release|Any CPU
		{B5BCE3C3-40AA-4DBA-80A3-22068B03DA69}.Release|x64.Build.0 = Release|Any CPU
		{B5BCE3C3-40AA-4DBA-80A3-22068B03DA69}.Release|x86.ActiveCfg = Release|Any CPU
		{B5BCE3C3-40AA-4DBA-80A3-22068B03DA69}.Release|x86.Build.0 = Release|Any CPU
		{76F66FA6-639C-4689-9946-89A3E0DF76C5}.Debug|Any CPU.ActiveCfg = Debug|Any CPU
		{76F66FA6-639C-4689-9946-89A3E0DF76C5}.Debug|Any CPU.Build.0 = Debug|Any CPU
		{76F66FA6-639C-4689-9946-89A3E0DF76C5}.Debug|x64.ActiveCfg = Debug|Any CPU
		{76F66FA6-639C-4689-9946-89A3E0DF76C5}.Debug|x64.Build.0 = Debug|Any CPU
		{76F66FA6-639C-4689-9946-89A3E0DF76C5}.Debug|x86.ActiveCfg = Debug|Any CPU
		{76F66FA6-639C-4689-9946-89A3E0DF76C5}.Debug|x86.Build.0 = Debug|Any CPU
		{76F66FA6-639C-4689-9946-89A3E0DF76C5}.Release|Any CPU.ActiveCfg = Release|Any CPU
		{76F66FA6-639C-4689-9946-89A3E0DF76C5}.Release|Any CPU.Build.0 = Release|Any CPU
		{76F66FA6-639C-4689-9946-89A3E0DF76C5}.Release|x64.ActiveCfg = Release|Any CPU
		{76F66FA6-639C-4689-9946-89A3E0DF76C5}.Release|x64.Build.0 = Release|Any CPU
		{76F66FA6-639C-4689-9946-89A3E0DF76C5}.Release|x86.ActiveCfg = Release|Any CPU
		{76F66FA6-639C-4689-9946-89A3E0DF76C5}.Release|x86.Build.0 = Release|Any CPU
	EndGlobalSection
	GlobalSection(SolutionProperties) = preSolution
		HideSolutionNode = FALSE
	EndGlobalSection
	GlobalSection(ExtensibilityGlobals) = postSolution
		SolutionGuid = {69D2B294-74D6-4ED4-A7BD-B6C4B1789940}
	EndGlobalSection
EndGlobal
